{
  "name": "musical-timer",
  "version": "1.0.0",
  "lockfileVersion": 1,
  "requires": true,
  "dependencies": {
    "advanced-timer": {
      "version": "2.0.0",
      "resolved": "https://registry.npmjs.org/advanced-timer/-/advanced-timer-2.0.0.tgz",
      "integrity": "sha512-PrmFghotgHolm2Vs4DH4vF3zDD9rm00l87vBDR4XRssKpohgdnzFAKa+QsQ+MdOCHhI/mVRbKCvDOa24L8GnFw=="
    }
  }
}
